
Microsoft Visual Studio Solution File, Format Version 12.00
# Visual Studio Version 16
VisualStudioVersion = 16.0.31105.61
MinimumVisualStudioVersion = 10.0.40219.1
Project("{FAE04EC0-301F-11D3-BF4B-00C04F79EFBC}") = "Localiza.Frotas", "Localiza.Frotas\Localiza.Frotas.csproj", "{5F4113B4-7637-4CC7-831D-693F9FD9760A}"
EndProject
Project("{FAE04EC0-301F-11D3-BF4B-00C04F79EFBC}") = "Localiza.Frotas.Domain", "Localiza.Frotas.Domain\Localiza.Frotas.Domain.csproj", "{FD13D6FE-66E6-4B0E-AA58-13638E8005D7}"
EndProject
Project("{FAE04EC0-301F-11D3-BF4B-00C04F79EFBC}") = "Localiza.Frotas.Infra", "Localiza.Frotas.Infra\Localiza.Frotas.Infra.csproj", "{046B1042-B7AA-44A8-9B25-B646AE03860B}"
EndProject
Global
	GlobalSection(SolutionConfigurationPlatforms) = preSolution
		Debug|Any CPU = Debug|Any CPU
		Release|Any CPU = Release|Any CPU
	EndGlobalSection
	GlobalSection(ProjectConfigurationPlatforms) = postSolution
		{5F4113B4-7637-4CC7-831D-693F9FD9760A}.Debug|Any CPU.ActiveCfg = Debug|Any CPU
		{5F4113B4-7637-4CC7-831D-693F9FD9760A}.Debug|Any CPU.Build.0 = Debug|Any CPU
		{5F4113B4-7637-4CC7-831D-693F9FD9760A}.Release|Any CPU.ActiveCfg = Release|Any CPU
		{5F4113B4-7637-4CC7-831D-693F9FD9760A}.Release|Any CPU.Build.0 = Release|Any CPU
		{FD13D6FE-66E6-4B0E-AA58-13638E8005D7}.Debug|Any CPU.ActiveCfg = Debug|Any CPU
		{FD13D6FE-66E6-4B0E-AA58-13638E8005D7}.Debug|Any CPU.Build.0 = Debug|Any CPU
		{FD13D6FE-66E6-4B0E-AA58-13638E8005D7}.Release|Any CPU.ActiveCfg = Release|Any CPU
		{FD13D6FE-66E6-4B0E-AA58-13638E8005D7}.Release|Any CPU.Build.0 = Release|Any CPU
		{046B1042-B7AA-44A8-9B25-B646AE03860B}.Debug|Any CPU.ActiveCfg = Debug|Any CPU
		{046B1042-B7AA-44A8-9B25-B646AE03860B}.Debug|Any CPU.Build.0 = Debug|Any CPU
		{046B1042-B7AA-44A8-9B25-B646AE03860B}.Release|Any CPU.ActiveCfg = Release|Any CPU
		{046B1042-B7AA-44A8-9B25-B646AE03860B}.Release|Any CPU.Build.0 = Release|Any CPU
	EndGlobalSection
	GlobalSection(SolutionProperties) = preSolution
		HideSolutionNode = FALSE
	EndGlobalSection
	GlobalSection(ExtensibilityGlobals) = postSolution
		SolutionGuid = {1C436975-1092-4A02-B4B9-68D52D601082}
	EndGlobalSection
EndGlobal
